
Microsoft Visual Studio Solution File, Format Version 12.00
# Visual Studio Version 17
VisualStudioVersion = 17.11.35219.272
MinimumVisualStudioVersion = 10.0.40219.1
Project("{FAE04EC0-301F-11D3-BF4B-00C04F79EFBC}") = "DZSemi4Patterns", "DZSemi4Patterns\DZSemi4Patterns.csproj", "{D97AC67E-F739-4907-9AF0-3D2A0E07B1F1}"
EndProject
Global
	GlobalSection(SolutionConfigurationPlatforms) = preSolution
		Debug|Any CPU = Debug|Any CPU
		Release|Any CPU = Release|Any CPU
	EndGlobalSection
	GlobalSection(ProjectConfigurationPlatforms) = postSolution
		{D97AC67E-F739-4907-9AF0-3D2A0E07B1F1}.Debug|Any CPU.ActiveCfg = Debug|Any CPU
		{D97AC67E-F739-4907-9AF0-3D2A0E07B1F1}.Debug|Any CPU.Build.0 = Debug|Any CPU
		{D97AC67E-F739-4907-9AF0-3D2A0E07B1F1}.Release|Any CPU.ActiveCfg = Release|Any CPU
		{D97AC67E-F739-4907-9AF0-3D2A0E07B1F1}.Release|Any CPU.Build.0 = Release|Any CPU
	EndGlobalSection
	GlobalSection(SolutionProperties) = preSolution
		HideSolutionNode = FALSE
	EndGlobalSection
	GlobalSection(ExtensibilityGlobals) = postSolution
		SolutionGuid = {332762BB-0028-4190-9FF5-FC7B0165E519}
	EndGlobalSection
EndGlobal
